
Microsoft Visual Studio Solution File, Format Version 12.00
# Visual Studio Version 16
VisualStudioVersion = 16.0.32228.343
MinimumVisualStudioVersion = 10.0.40219.1
Project("{FAE04EC0-301F-11D3-BF4B-00C04F79EFBC}") = "ExtractCameraXP", "ExtractCameraXP\ExtractCameraXP.csproj", "{652F94DA-8BC4-4E12-BBA1-46C6B6B4BAFD}"
EndProject
Global
	GlobalSection(SolutionConfigurationPlatforms) = preSolution
		Debug|Any CPU = Debug|Any CPU
		Release|Any CPU = Release|Any CPU
	EndGlobalSection
	GlobalSection(ProjectConfigurationPlatforms) = postSolution
		{652F94DA-8BC4-4E12-BBA1-46C6B6B4BAFD}.Debug|Any CPU.ActiveCfg = Debug|Any CPU
		{652F94DA-8BC4-4E12-BBA1-46C6B6B4BAFD}.Debug|Any CPU.Build.0 = Debug|Any CPU
		{652F94DA-8BC4-4E12-BBA1-46C6B6B4BAFD}.Release|Any CPU.ActiveCfg = Release|Any CPU
		{652F94DA-8BC4-4E12-BBA1-46C6B6B4BAFD}.Release|Any CPU.Build.0 = Release|Any CPU
	EndGlobalSection
	GlobalSection(SolutionProperties) = preSolution
		HideSolutionNode = FALSE
	EndGlobalSection
	GlobalSection(ExtensibilityGlobals) = postSolution
		SolutionGuid = {D7B8C909-69C0-4B95-B2A7-06DF5609DBCC}
	EndGlobalSection
EndGlobal
